// !$*UTF8*$!
{
	archiveVersion = 1;
	classes = {
	};
	objectVersion = 56;
	objects = {

/* Begin PBXBuildFile section */
		08003E622C00A78C00220471 /* EditAlbumView.swift in Sources */ = {isa = PBXBuildFile; fileRef = 08003E612C00A78C00220471 /* EditAlbumView.swift */; };
		08B16CF62BFCEF2200317019 /* BookletView.swift in Sources */ = {isa = PBXBuildFile; fileRef = 08B16CF52BFCEF2200317019 /* BookletView.swift */; };
		08F4D4942BF8CBD7001F7279 /* AddedSongs.swift in Sources */ = {isa = PBXBuildFile; fileRef = 08F4D4932BF8CBD7001F7279 /* AddedSongs.swift */; };
		08F4D4992BF8D8CA001F7279 /* SimpleToast in Frameworks */ = {isa = PBXBuildFile; productRef = 08F4D4982BF8D8CA001F7279 /* SimpleToast */; };
		17471D782BF6397E006EEF3D /* AlbumShelfView.swift in Sources */ = {isa = PBXBuildFile; fileRef = 17471D772BF6397E006EEF3D /* AlbumShelfView.swift */; };
		17471D7A2BF6398F006EEF3D /* AlbumDetailView.swift in Sources */ = {isa = PBXBuildFile; fileRef = 17471D792BF6398F006EEF3D /* AlbumDetailView.swift */; };
		17471D7C2BF6399D006EEF3D /* AlbumAuxModel.swift in Sources */ = {isa = PBXBuildFile; fileRef = 17471D7B2BF6399D006EEF3D /* AlbumAuxModel.swift */; };
		1764725C2C05D85300309424 /* SongColorViewModel.swift in Sources */ = {isa = PBXBuildFile; fileRef = 1764725B2C05D85300309424 /* SongColorViewModel.swift */; };
		1764725E2C05D87700309424 /* SongCard.swift in Sources */ = {isa = PBXBuildFile; fileRef = 1764725D2C05D87700309424 /* SongCard.swift */; };
		27D238112BFB4122006D9BD4 /* DocumentPicker.swift in Sources */ = {isa = PBXBuildFile; fileRef = 27D238102BFB4122006D9BD4 /* DocumentPicker.swift */; };
		27D238172BFB84D6006D9BD4 /* SearchLocation.swift in Sources */ = {isa = PBXBuildFile; fileRef = 27D238162BFB84D6006D9BD4 /* SearchLocation.swift */; };
		27D2381B2BFCF6CB006D9BD4 /* LocationView.swift in Sources */ = {isa = PBXBuildFile; fileRef = 27D2381A2BFCF6CB006D9BD4 /* LocationView.swift */; };
		27F3A6492BF4E80D0029832D /* AddAlbumView.swift in Sources */ = {isa = PBXBuildFile; fileRef = 27F3A6482BF4E80D0029832D /* AddAlbumView.swift */; };
		27F3A64F2BF60A860029832D /* ImagePicker.swift in Sources */ = {isa = PBXBuildFile; fileRef = 27F3A64E2BF60A860029832D /* ImagePicker.swift */; };
		2E1A209C2BFB8FA300B2C396 /* Shelf.swift in Sources */ = {isa = PBXBuildFile; fileRef = 2E1A209B2BFB8FA300B2C396 /* Shelf.swift */; };
		2E1A209E2BFB926400B2C396 /* AlbumModel.swift in Sources */ = {isa = PBXBuildFile; fileRef = 2E1A209D2BFB926400B2C396 /* AlbumModel.swift */; };
		2E1A20A02BFCB71A00B2C396 /* AlbumCard.swift in Sources */ = {isa = PBXBuildFile; fileRef = 2E1A209F2BFCB71A00B2C396 /* AlbumCard.swift */; };
		2E71E5542BF5077900F80405 /* SongModel.swift in Sources */ = {isa = PBXBuildFile; fileRef = 2E71E5532BF5077900F80405 /* SongModel.swift */; };
		2E71E5582BF5110800F80405 /* MusicSearchBar.swift in Sources */ = {isa = PBXBuildFile; fileRef = 2E71E5572BF5110800F80405 /* MusicSearchBar.swift */; };
		2E7FD6C62C04D63A00D5B779 /* AddEntryView.swift in Sources */ = {isa = PBXBuildFile; fileRef = 2E7FD6C52C04D63A00D5B779 /* AddEntryView.swift */; };
		2E7FD6C82C04DC0F00D5B779 /* EntryModel.swift in Sources */ = {isa = PBXBuildFile; fileRef = 2E7FD6C72C04DC0F00D5B779 /* EntryModel.swift */; };
		2E7FD6CA2C051D3500D5B779 /* EntryCard.swift in Sources */ = {isa = PBXBuildFile; fileRef = 2E7FD6C92C051D3500D5B779 /* EntryCard.swift */; };
		2E8C79802BF3803B008C13C3 /* MCLApp.swift in Sources */ = {isa = PBXBuildFile; fileRef = 2E8C797F2BF3803B008C13C3 /* MCLApp.swift */; };
		2E8C79822BF3803B008C13C3 /* ContentView.swift in Sources */ = {isa = PBXBuildFile; fileRef = 2E8C79812BF3803B008C13C3 /* ContentView.swift */; };
		2E8C79862BF3803C008C13C3 /* Assets.xcassets in Resources */ = {isa = PBXBuildFile; fileRef = 2E8C79852BF3803C008C13C3 /* Assets.xcassets */; };
		2E8C79892BF3803C008C13C3 /* Preview Assets.xcassets in Resources */ = {isa = PBXBuildFile; fileRef = 2E8C79882BF3803C008C13C3 /* Preview Assets.xcassets */; };
/* End PBXBuildFile section */

/* Begin PBXFileReference section */
		08003E612C00A78C00220471 /* EditAlbumView.swift */ = {isa = PBXFileReference; lastKnownFileType = sourcecode.swift; path = EditAlbumView.swift; sourceTree = "<group>"; };
		08B16CF52BFCEF2200317019 /* BookletView.swift */ = {isa = PBXFileReference; lastKnownFileType = sourcecode.swift; path = BookletView.swift; sourceTree = "<group>"; };
		08F4D4932BF8CBD7001F7279 /* AddedSongs.swift */ = {isa = PBXFileReference; lastKnownFileType = sourcecode.swift; path = AddedSongs.swift; sourceTree = "<group>"; };
		17471D772BF6397E006EEF3D /* AlbumShelfView.swift */ = {isa = PBXFileReference; lastKnownFileType = sourcecode.swift; path = AlbumShelfView.swift; sourceTree = "<group>"; };
		17471D792BF6398F006EEF3D /* AlbumDetailView.swift */ = {isa = PBXFileReference; lastKnownFileType = sourcecode.swift; path = AlbumDetailView.swift; sourceTree = "<group>"; };
		17471D7B2BF6399D006EEF3D /* AlbumAuxModel.swift */ = {isa = PBXFileReference; lastKnownFileType = sourcecode.swift; path = AlbumAuxModel.swift; sourceTree = "<group>"; };
		1764725B2C05D85300309424 /* SongColorViewModel.swift */ = {isa = PBXFileReference; lastKnownFileType = sourcecode.swift; path = SongColorViewModel.swift; sourceTree = "<group>"; };
		1764725D2C05D87700309424 /* SongCard.swift */ = {isa = PBXFileReference; lastKnownFileType = sourcecode.swift; path = SongCard.swift; sourceTree = "<group>"; };
		27D238102BFB4122006D9BD4 /* DocumentPicker.swift */ = {isa = PBXFileReference; lastKnownFileType = sourcecode.swift; path = DocumentPicker.swift; sourceTree = "<group>"; };
		27D238162BFB84D6006D9BD4 /* SearchLocation.swift */ = {isa = PBXFileReference; lastKnownFileType = sourcecode.swift; path = SearchLocation.swift; sourceTree = "<group>"; };
		27D2381A2BFCF6CB006D9BD4 /* LocationView.swift */ = {isa = PBXFileReference; lastKnownFileType = sourcecode.swift; path = LocationView.swift; sourceTree = "<group>"; };
		27F3A6482BF4E80D0029832D /* AddAlbumView.swift */ = {isa = PBXFileReference; lastKnownFileType = sourcecode.swift; path = AddAlbumView.swift; sourceTree = "<group>"; };
		27F3A64E2BF60A860029832D /* ImagePicker.swift */ = {isa = PBXFileReference; lastKnownFileType = sourcecode.swift; path = ImagePicker.swift; sourceTree = "<group>"; };
		27F3A6502BF638CD0029832D /* Info.plist */ = {isa = PBXFileReference; lastKnownFileType = text.plist; path = Info.plist; sourceTree = "<group>"; };
		2E1A209B2BFB8FA300B2C396 /* Shelf.swift */ = {isa = PBXFileReference; lastKnownFileType = sourcecode.swift; path = Shelf.swift; sourceTree = "<group>"; };
		2E1A209D2BFB926400B2C396 /* AlbumModel.swift */ = {isa = PBXFileReference; lastKnownFileType = sourcecode.swift; path = AlbumModel.swift; sourceTree = "<group>"; };
		2E1A209F2BFCB71A00B2C396 /* AlbumCard.swift */ = {isa = PBXFileReference; lastKnownFileType = sourcecode.swift; path = AlbumCard.swift; sourceTree = "<group>"; };
		2E71E5532BF5077900F80405 /* SongModel.swift */ = {isa = PBXFileReference; lastKnownFileType = sourcecode.swift; path = SongModel.swift; sourceTree = "<group>"; };
		2E71E5572BF5110800F80405 /* MusicSearchBar.swift */ = {isa = PBXFileReference; lastKnownFileType = sourcecode.swift; path = MusicSearchBar.swift; sourceTree = "<group>"; };
		2E7FD6C52C04D63A00D5B779 /* AddEntryView.swift */ = {isa = PBXFileReference; lastKnownFileType = sourcecode.swift; path = AddEntryView.swift; sourceTree = "<group>"; };
		2E7FD6C72C04DC0F00D5B779 /* EntryModel.swift */ = {isa = PBXFileReference; lastKnownFileType = sourcecode.swift; path = EntryModel.swift; sourceTree = "<group>"; };
		2E7FD6C92C051D3500D5B779 /* EntryCard.swift */ = {isa = PBXFileReference; lastKnownFileType = sourcecode.swift; path = EntryCard.swift; sourceTree = "<group>"; };
		2E8C797C2BF3803B008C13C3 /* MCL.app */ = {isa = PBXFileReference; explicitFileType = wrapper.application; includeInIndex = 0; path = MCL.app; sourceTree = BUILT_PRODUCTS_DIR; };
		2E8C797F2BF3803B008C13C3 /* MCLApp.swift */ = {isa = PBXFileReference; lastKnownFileType = sourcecode.swift; path = MCLApp.swift; sourceTree = "<group>"; };
		2E8C79812BF3803B008C13C3 /* ContentView.swift */ = {isa = PBXFileReference; lastKnownFileType = sourcecode.swift; name = ContentView.swift; path = ../ContentView.swift; sourceTree = "<group>"; };
		2E8C79852BF3803C008C13C3 /* Assets.xcassets */ = {isa = PBXFileReference; lastKnownFileType = folder.assetcatalog; path = Assets.xcassets; sourceTree = "<group>"; };
		2E8C79882BF3803C008C13C3 /* Preview Assets.xcassets */ = {isa = PBXFileReference; lastKnownFileType = folder.assetcatalog; path = "Preview Assets.xcassets"; sourceTree = "<group>"; };
/* End PBXFileReference section */

/* Begin PBXFrameworksBuildPhase section */
		2E8C79792BF3803B008C13C3 /* Frameworks */ = {
			isa = PBXFrameworksBuildPhase;
			buildActionMask = 2147483647;
			files = (
				08F4D4992BF8D8CA001F7279 /* SimpleToast in Frameworks */,
			);
			runOnlyForDeploymentPostprocessing = 0;
		};
/* End PBXFrameworksBuildPhase section */

/* Begin PBXGroup section */
		08F4D4902BF7A142001F7279 /* Views */ = {
			isa = PBXGroup;
			children = (
				2E8C79812BF3803B008C13C3 /* ContentView.swift */,
				27F3A6482BF4E80D0029832D /* AddAlbumView.swift */,
				27D2381A2BFCF6CB006D9BD4 /* LocationView.swift */,
				17471D772BF6397E006EEF3D /* AlbumShelfView.swift */,
				17471D792BF6398F006EEF3D /* AlbumDetailView.swift */,
				08B16CF52BFCEF2200317019 /* BookletView.swift */,
				08003E612C00A78C00220471 /* EditAlbumView.swift */,
				2E7FD6C52C04D63A00D5B779 /* AddEntryView.swift */,
			);
			path = Views;
			sourceTree = "<group>";
		};
		08F4D4912BF7A180001F7279 /* Components */ = {
			isa = PBXGroup;
			children = (
				1764725D2C05D87700309424 /* SongCard.swift */,
				2E71E5572BF5110800F80405 /* MusicSearchBar.swift */,
				2E1A209B2BFB8FA300B2C396 /* Shelf.swift */,
				08F4D4932BF8CBD7001F7279 /* AddedSongs.swift */,
				2E1A209F2BFCB71A00B2C396 /* AlbumCard.swift */,
				2E7FD6C92C051D3500D5B779 /* EntryCard.swift */,
			);
			path = Components;
			sourceTree = "<group>";
		};
		08F4D4922BF7A19A001F7279 /* Models */ = {
			isa = PBXGroup;
			children = (
				2E71E5532BF5077900F80405 /* SongModel.swift */,
				17471D7B2BF6399D006EEF3D /* AlbumAuxModel.swift */,
				2E1A209D2BFB926400B2C396 /* AlbumModel.swift */,
				2E7FD6C72C04DC0F00D5B779 /* EntryModel.swift */,
			);
			path = Models;
			sourceTree = "<group>";
		};
		2E8C79732BF3803B008C13C3 = {
			isa = PBXGroup;
			children = (
				2E8C797E2BF3803B008C13C3 /* MCL */,
				2E8C797D2BF3803B008C13C3 /* Products */,
			);
			sourceTree = "<group>";
		};
		2E8C797D2BF3803B008C13C3 /* Products */ = {
			isa = PBXGroup;
			children = (
				2E8C797C2BF3803B008C13C3 /* MCL.app */,
			);
			name = Products;
			sourceTree = "<group>";
		};
		2E8C797E2BF3803B008C13C3 /* MCL */ = {
			isa = PBXGroup;
			children = (
				2EAC1CAD2C06201500AC9BD7 /* Functions */,
				27F3A6502BF638CD0029832D /* Info.plist */,
				27F3A64E2BF60A860029832D /* ImagePicker.swift */,
				27D238102BFB4122006D9BD4 /* DocumentPicker.swift */,
				2E8C797F2BF3803B008C13C3 /* MCLApp.swift */,
				27D238162BFB84D6006D9BD4 /* SearchLocation.swift */,
				08F4D4922BF7A19A001F7279 /* Models */,
				08F4D4902BF7A142001F7279 /* Views */,
				08F4D4912BF7A180001F7279 /* Components */,
				2E8C79852BF3803C008C13C3 /* Assets.xcassets */,
				2E8C79872BF3803C008C13C3 /* Preview Content */,
			);
			path = MCL;
			sourceTree = "<group>";
		};
		2E8C79872BF3803C008C13C3 /* Preview Content */ = {
			isa = PBXGroup;
			children = (
				2E8C79882BF3803C008C13C3 /* Preview Assets.xcassets */,
			);
			path = "Preview Content";
			sourceTree = "<group>";
		};
		2EAC1CAD2C06201500AC9BD7 /* Functions */ = {
			isa = PBXGroup;
			children = (
				1764725B2C05D85300309424 /* SongColorViewModel.swift */,
			);
			path = Functions;
			sourceTree = "<group>";
		};
/* End PBXGroup section */

/* Begin PBXNativeTarget section */
		2E8C797B2BF3803B008C13C3 /* MCL */ = {
			isa = PBXNativeTarget;
			buildConfigurationList = 2E8C798C2BF3803C008C13C3 /* Build configuration list for PBXNativeTarget "MCL" */;
			buildPhases = (
				2E8C79782BF3803B008C13C3 /* Sources */,
				2E8C79792BF3803B008C13C3 /* Frameworks */,
				2E8C797A2BF3803B008C13C3 /* Resources */,
			);
			buildRules = (
			);
			dependencies = (
			);
			name = MCL;
			packageProductDependencies = (
				08F4D4982BF8D8CA001F7279 /* SimpleToast */,
			);
			productName = MCL;
			productReference = 2E8C797C2BF3803B008C13C3 /* MCL.app */;
			productType = "com.apple.product-type.application";
		};
/* End PBXNativeTarget section */

/* Begin PBXProject section */
		2E8C79742BF3803B008C13C3 /* Project object */ = {
			isa = PBXProject;
			attributes = {
				BuildIndependentTargetsInParallel = 1;
				LastSwiftUpdateCheck = 1520;
				LastUpgradeCheck = 1520;
				TargetAttributes = {
					2E8C797B2BF3803B008C13C3 = {
						CreatedOnToolsVersion = 15.2;
					};
				};
			};
			buildConfigurationList = 2E8C79772BF3803B008C13C3 /* Build configuration list for PBXProject "MCL" */;
			compatibilityVersion = "Xcode 14.0";
			developmentRegion = en;
			hasScannedForEncodings = 0;
			knownRegions = (
				en,
				Base,
			);
			mainGroup = 2E8C79732BF3803B008C13C3;
			packageReferences = (
				08F4D4972BF8D8CA001F7279 /* XCRemoteSwiftPackageReference "SimpleToast" */,
			);
			productRefGroup = 2E8C797D2BF3803B008C13C3 /* Products */;
			projectDirPath = "";
			projectRoot = "";
			targets = (
				2E8C797B2BF3803B008C13C3 /* MCL */,
			);
		};
/* End PBXProject section */

/* Begin PBXResourcesBuildPhase section */
		2E8C797A2BF3803B008C13C3 /* Resources */ = {
			isa = PBXResourcesBuildPhase;
			buildActionMask = 2147483647;
			files = (
				2E8C79892BF3803C008C13C3 /* Preview Assets.xcassets in Resources */,
				2E8C79862BF3803C008C13C3 /* Assets.xcassets in Resources */,
			);
			runOnlyForDeploymentPostprocessing = 0;
		};
/* End PBXResourcesBuildPhase section */

/* Begin PBXSourcesBuildPhase section */
		2E8C79782BF3803B008C13C3 /* Sources */ = {
			isa = PBXSourcesBuildPhase;
			buildActionMask = 2147483647;
			files = (
				08003E622C00A78C00220471 /* EditAlbumView.swift in Sources */,
				2E71E5542BF5077900F80405 /* SongModel.swift in Sources */,
				2E1A209E2BFB926400B2C396 /* AlbumModel.swift in Sources */,
				1764725E2C05D87700309424 /* SongCard.swift in Sources */,
				2E8C79822BF3803B008C13C3 /* ContentView.swift in Sources */,
				27F3A64F2BF60A860029832D /* ImagePicker.swift in Sources */,
				27F3A6492BF4E80D0029832D /* AddAlbumView.swift in Sources */,
				2E7FD6C82C04DC0F00D5B779 /* EntryModel.swift in Sources */,
				2E7FD6CA2C051D3500D5B779 /* EntryCard.swift in Sources */,
				2E1A20A02BFCB71A00B2C396 /* AlbumCard.swift in Sources */,
				27D238112BFB4122006D9BD4 /* DocumentPicker.swift in Sources */,
				2E8C79802BF3803B008C13C3 /* MCLApp.swift in Sources */,
				2E7FD6C62C04D63A00D5B779 /* AddEntryView.swift in Sources */,
				2E1A209C2BFB8FA300B2C396 /* Shelf.swift in Sources */,
				08F4D4942BF8CBD7001F7279 /* AddedSongs.swift in Sources */,
				2E71E5582BF5110800F80405 /* MusicSearchBar.swift in Sources */,
				08B16CF62BFCEF2200317019 /* BookletView.swift in Sources */,
				17471D782BF6397E006EEF3D /* AlbumShelfView.swift in Sources */,
				17471D7C2BF6399D006EEF3D /* AlbumAuxModel.swift in Sources */,
				27D238172BFB84D6006D9BD4 /* SearchLocation.swift in Sources */,
				17471D782BF6397E006EEF3D /* AlbumShelfView.swift in Sources */,
				17471D7C2BF6399D006EEF3D /* AlbumAuxModel.swift in Sources */,
				1764725C2C05D85300309424 /* SongColorViewModel.swift in Sources */,
				2E8C79822BF3803B008C13C3 /* ContentView.swift in Sources */,
				2E8C79802BF3803B008C13C3 /* MCLApp.swift in Sources */,
				27D2381B2BFCF6CB006D9BD4 /* LocationView.swift in Sources */,
				17471D7A2BF6398F006EEF3D /* AlbumDetailView.swift in Sources */,
			);
			runOnlyForDeploymentPostprocessing = 0;
		};
/* End PBXSourcesBuildPhase section */

/* Begin XCBuildConfiguration section */
		2E8C798A2BF3803C008C13C3 /* Debug */ = {
			isa = XCBuildConfiguration;
			buildSettings = {
				ALWAYS_SEARCH_USER_PATHS = NO;
				ASSETCATALOG_COMPILER_GENERATE_SWIFT_ASSET_SYMBOL_EXTENSIONS = YES;
				CLANG_ANALYZER_NONNULL = YES;
				CLANG_ANALYZER_NUMBER_OBJECT_CONVERSION = YES_AGGRESSIVE;
				CLANG_CXX_LANGUAGE_STANDARD = "gnu++20";
				CLANG_ENABLE_MODULES = YES;
				CLANG_ENABLE_OBJC_ARC = YES;
				CLANG_ENABLE_OBJC_WEAK = YES;
				CLANG_WARN_BLOCK_CAPTURE_AUTORELEASING = YES;
				CLANG_WARN_BOOL_CONVERSION = YES;
				CLANG_WARN_COMMA = YES;
				CLANG_WARN_CONSTANT_CONVERSION = YES;
				CLANG_WARN_DEPRECATED_OBJC_IMPLEMENTATIONS = YES;
				CLANG_WARN_DIRECT_OBJC_ISA_USAGE = YES_ERROR;
				CLANG_WARN_DOCUMENTATION_COMMENTS = YES;
				CLANG_WARN_EMPTY_BODY = YES;
				CLANG_WARN_ENUM_CONVERSION = YES;
				CLANG_WARN_INFINITE_RECURSION = YES;
				CLANG_WARN_INT_CONVERSION = YES;
				CLANG_WARN_NON_LITERAL_NULL_CONVERSION = YES;
				CLANG_WARN_OBJC_IMPLICIT_RETAIN_SELF = YES;
				CLANG_WARN_OBJC_LITERAL_CONVERSION = YES;
				CLANG_WARN_OBJC_ROOT_CLASS = YES_ERROR;
				CLANG_WARN_QUOTED_INCLUDE_IN_FRAMEWORK_HEADER = YES;
				CLANG_WARN_RANGE_LOOP_ANALYSIS = YES;
				CLANG_WARN_STRICT_PROTOTYPES = YES;
				CLANG_WARN_SUSPICIOUS_MOVE = YES;
				CLANG_WARN_UNGUARDED_AVAILABILITY = YES_AGGRESSIVE;
				CLANG_WARN_UNREACHABLE_CODE = YES;
				CLANG_WARN__DUPLICATE_METHOD_MATCH = YES;
				COPY_PHASE_STRIP = NO;
				DEBUG_INFORMATION_FORMAT = dwarf;
				ENABLE_STRICT_OBJC_MSGSEND = YES;
				ENABLE_TESTABILITY = YES;
				ENABLE_USER_SCRIPT_SANDBOXING = YES;
				GCC_C_LANGUAGE_STANDARD = gnu17;
				GCC_DYNAMIC_NO_PIC = NO;
				GCC_NO_COMMON_BLOCKS = YES;
				GCC_OPTIMIZATION_LEVEL = 0;
				GCC_PREPROCESSOR_DEFINITIONS = (
					"DEBUG=1",
					"$(inherited)",
				);
				GCC_WARN_64_TO_32_BIT_CONVERSION = YES;
				GCC_WARN_ABOUT_RETURN_TYPE = YES_ERROR;
				GCC_WARN_UNDECLARED_SELECTOR = YES;
				GCC_WARN_UNINITIALIZED_AUTOS = YES_AGGRESSIVE;
				GCC_WARN_UNUSED_FUNCTION = YES;
				GCC_WARN_UNUSED_VARIABLE = YES;
				IPHONEOS_DEPLOYMENT_TARGET = 17.2;
				LOCALIZATION_PREFERS_STRING_CATALOGS = YES;
				MTL_ENABLE_DEBUG_INFO = INCLUDE_SOURCE;
				MTL_FAST_MATH = YES;
				ONLY_ACTIVE_ARCH = YES;
				SDKROOT = iphoneos;
				SWIFT_ACTIVE_COMPILATION_CONDITIONS = "DEBUG $(inherited)";
				SWIFT_OPTIMIZATION_LEVEL = "-Onone";
			};
			name = Debug;
		};
		2E8C798B2BF3803C008C13C3 /* Release */ = {
			isa = XCBuildConfiguration;
			buildSettings = {
				ALWAYS_SEARCH_USER_PATHS = NO;
				ASSETCATALOG_COMPILER_GENERATE_SWIFT_ASSET_SYMBOL_EXTENSIONS = YES;
				CLANG_ANALYZER_NONNULL = YES;
				CLANG_ANALYZER_NUMBER_OBJECT_CONVERSION = YES_AGGRESSIVE;
				CLANG_CXX_LANGUAGE_STANDARD = "gnu++20";
				CLANG_ENABLE_MODULES = YES;
				CLANG_ENABLE_OBJC_ARC = YES;
				CLANG_ENABLE_OBJC_WEAK = YES;
				CLANG_WARN_BLOCK_CAPTURE_AUTORELEASING = YES;
				CLANG_WARN_BOOL_CONVERSION = YES;
				CLANG_WARN_COMMA = YES;
				CLANG_WARN_CONSTANT_CONVERSION = YES;
				CLANG_WARN_DEPRECATED_OBJC_IMPLEMENTATIONS = YES;
				CLANG_WARN_DIRECT_OBJC_ISA_USAGE = YES_ERROR;
				CLANG_WARN_DOCUMENTATION_COMMENTS = YES;
				CLANG_WARN_EMPTY_BODY = YES;
				CLANG_WARN_ENUM_CONVERSION = YES;
				CLANG_WARN_INFINITE_RECURSION = YES;
				CLANG_WARN_INT_CONVERSION = YES;
				CLANG_WARN_NON_LITERAL_NULL_CONVERSION = YES;
				CLANG_WARN_OBJC_IMPLICIT_RETAIN_SELF = YES;
				CLANG_WARN_OBJC_LITERAL_CONVERSION = YES;
				CLANG_WARN_OBJC_ROOT_CLASS = YES_ERROR;
				CLANG_WARN_QUOTED_INCLUDE_IN_FRAMEWORK_HEADER = YES;
				CLANG_WARN_RANGE_LOOP_ANALYSIS = YES;
				CLANG_WARN_STRICT_PROTOTYPES = YES;
				CLANG_WARN_SUSPICIOUS_MOVE = YES;
				CLANG_WARN_UNGUARDED_AVAILABILITY = YES_AGGRESSIVE;
				CLANG_WARN_UNREACHABLE_CODE = YES;
				CLANG_WARN__DUPLICATE_METHOD_MATCH = YES;
				COPY_PHASE_STRIP = NO;
				DEBUG_INFORMATION_FORMAT = "dwarf-with-dsym";
				ENABLE_NS_ASSERTIONS = NO;
				ENABLE_STRICT_OBJC_MSGSEND = YES;
				ENABLE_USER_SCRIPT_SANDBOXING = YES;
				GCC_C_LANGUAGE_STANDARD = gnu17;
				GCC_NO_COMMON_BLOCKS = YES;
				GCC_WARN_64_TO_32_BIT_CONVERSION = YES;
				GCC_WARN_ABOUT_RETURN_TYPE = YES_ERROR;
				GCC_WARN_UNDECLARED_SELECTOR = YES;
				GCC_WARN_UNINITIALIZED_AUTOS = YES_AGGRESSIVE;
				GCC_WARN_UNUSED_FUNCTION = YES;
				GCC_WARN_UNUSED_VARIABLE = YES;
				IPHONEOS_DEPLOYMENT_TARGET = 17.2;
				LOCALIZATION_PREFERS_STRING_CATALOGS = YES;
				MTL_ENABLE_DEBUG_INFO = NO;
				MTL_FAST_MATH = YES;
				SDKROOT = iphoneos;
				SWIFT_COMPILATION_MODE = wholemodule;
				VALIDATE_PRODUCT = YES;
			};
			name = Release;
		};
		2E8C798D2BF3803C008C13C3 /* Debug */ = {
			isa = XCBuildConfiguration;
			buildSettings = {
				ASSETCATALOG_COMPILER_APPICON_NAME = AppIcon;
				ASSETCATALOG_COMPILER_GLOBAL_ACCENT_COLOR_NAME = AccentColor;
				CODE_SIGN_STYLE = Automatic;
				CURRENT_PROJECT_VERSION = 1;
				DEVELOPMENT_ASSET_PATHS = "\"MCL/Preview Content\"";
				DEVELOPMENT_TEAM = Z4SW228TF7;
				ENABLE_PREVIEWS = YES;
				GENERATE_INFOPLIST_FILE = YES;
				INFOPLIST_FILE = MCL/Info.plist;
				INFOPLIST_KEY_CFBundleDisplayName = MCL;
				INFOPLIST_KEY_LSApplicationCategoryType = "";
				INFOPLIST_KEY_NSAppleMusicUsageDescription = "Would you like to give permission to access Music data?";
				INFOPLIST_KEY_NSCameraUsageDescription = "We need access to your camera to take photos";
				INFOPLIST_KEY_NSLocationWhenInUseUsageDescription = "We need your location to provide nearby places";
				INFOPLIST_KEY_NSPhotoLibraryUsageDescription = "We need access to your photo library to select photos";
				INFOPLIST_KEY_UIApplicationSceneManifest_Generation = YES;
				INFOPLIST_KEY_UIApplicationSupportsIndirectInputEvents = YES;
				INFOPLIST_KEY_UILaunchScreen_Generation = YES;
				INFOPLIST_KEY_UISupportedInterfaceOrientations_iPad = "UIInterfaceOrientationPortrait UIInterfaceOrientationPortraitUpsideDown UIInterfaceOrientationLandscapeLeft UIInterfaceOrientationLandscapeRight";
				INFOPLIST_KEY_UISupportedInterfaceOrientations_iPhone = "UIInterfaceOrientationPortrait UIInterfaceOrientationLandscapeLeft UIInterfaceOrientationLandscapeRight";
				IPHONEOS_DEPLOYMENT_TARGET = 17.0;
				LD_RUNPATH_SEARCH_PATHS = (
					"$(inherited)",
					"@executable_path/Frameworks",
				);
				MARKETING_VERSION = 1.0;
				PRODUCT_BUNDLE_IDENTIFIER = com.lalo.MCL;
				PRODUCT_NAME = "$(TARGET_NAME)";
				SWIFT_EMIT_LOC_STRINGS = YES;
				SWIFT_VERSION = 5.0;
				TARGETED_DEVICE_FAMILY = "1,2";
			};
			name = Debug;
		};
		2E8C798E2BF3803C008C13C3 /* Release */ = {
			isa = XCBuildConfiguration;
			buildSettings = {
				ASSETCATALOG_COMPILER_APPICON_NAME = AppIcon;
				ASSETCATALOG_COMPILER_GLOBAL_ACCENT_COLOR_NAME = AccentColor;
				CODE_SIGN_STYLE = Automatic;
				CURRENT_PROJECT_VERSION = 1;
				DEVELOPMENT_ASSET_PATHS = "\"MCL/Preview Content\"";
				DEVELOPMENT_TEAM = Z4SW228TF7;
				ENABLE_PREVIEWS = YES;
				GENERATE_INFOPLIST_FILE = YES;
				INFOPLIST_FILE = MCL/Info.plist;
				INFOPLIST_KEY_CFBundleDisplayName = MCL;
				INFOPLIST_KEY_LSApplicationCategoryType = "";
				INFOPLIST_KEY_NSAppleMusicUsageDescription = "Would you like to give permission to access Music data?";
				INFOPLIST_KEY_NSCameraUsageDescription = "We need access to your camera to take photos";
				INFOPLIST_KEY_NSLocationWhenInUseUsageDescription = "We need your location to provide nearby places";
				INFOPLIST_KEY_NSPhotoLibraryUsageDescription = "We need access to your photo library to select photos";
				INFOPLIST_KEY_UIApplicationSceneManifest_Generation = YES;
				INFOPLIST_KEY_UIApplicationSupportsIndirectInputEvents = YES;
				INFOPLIST_KEY_UILaunchScreen_Generation = YES;
				INFOPLIST_KEY_UISupportedInterfaceOrientations_iPad = "UIInterfaceOrientationPortrait UIInterfaceOrientationPortraitUpsideDown UIInterfaceOrientationLandscapeLeft UIInterfaceOrientationLandscapeRight";
				INFOPLIST_KEY_UISupportedInterfaceOrientations_iPhone = "UIInterfaceOrientationPortrait UIInterfaceOrientationLandscapeLeft UIInterfaceOrientationLandscapeRight";
				IPHONEOS_DEPLOYMENT_TARGET = 17.0;
				LD_RUNPATH_SEARCH_PATHS = (
					"$(inherited)",
					"@executable_path/Frameworks",
				);
				MARKETING_VERSION = 1.0;
				PRODUCT_BUNDLE_IDENTIFIER = com.lalo.MCL;
				PRODUCT_NAME = "$(TARGET_NAME)";
				SWIFT_EMIT_LOC_STRINGS = YES;
				SWIFT_VERSION = 5.0;
				TARGETED_DEVICE_FAMILY = "1,2";
			};
			name = Release;
		};
/* End XCBuildConfiguration section */

/* Begin XCConfigurationList section */
		2E8C79772BF3803B008C13C3 /* Build configuration list for PBXProject "MCL" */ = {
			isa = XCConfigurationList;
			buildConfigurations = (
				2E8C798A2BF3803C008C13C3 /* Debug */,
				2E8C798B2BF3803C008C13C3 /* Release */,
			);
			defaultConfigurationIsVisible = 0;
			defaultConfigurationName = Release;
		};
		2E8C798C2BF3803C008C13C3 /* Build configuration list for PBXNativeTarget "MCL" */ = {
			isa = XCConfigurationList;
			buildConfigurations = (
				2E8C798D2BF3803C008C13C3 /* Debug */,
				2E8C798E2BF3803C008C13C3 /* Release */,
			);
			defaultConfigurationIsVisible = 0;
			defaultConfigurationName = Release;
		};
/* End XCConfigurationList section */

/* Begin XCRemoteSwiftPackageReference section */
		08F4D4972BF8D8CA001F7279 /* XCRemoteSwiftPackageReference "SimpleToast" */ = {
			isa = XCRemoteSwiftPackageReference;
			repositoryURL = "https://github.com/sanzaru/SimpleToast";
			requirement = {
				kind = upToNextMajorVersion;
				minimumVersion = 0.8.1;
			};
		};
/* End XCRemoteSwiftPackageReference section */

/* Begin XCSwiftPackageProductDependency section */
		08F4D4982BF8D8CA001F7279 /* SimpleToast */ = {
			isa = XCSwiftPackageProductDependency;
			package = 08F4D4972BF8D8CA001F7279 /* XCRemoteSwiftPackageReference "SimpleToast" */;
			productName = SimpleToast;
		};
/* End XCSwiftPackageProductDependency section */
	};
	rootObject = 2E8C79742BF3803B008C13C3 /* Project object */;
}
